
Microsoft Visual Studio Solution File, Format Version 12.00
# Visual Studio Version 17
VisualStudioVersion = 17.2.32630.192
MinimumVisualStudioVersion = 10.0.40219.1
Project("{FAE04EC0-301F-11D3-BF4B-00C04F79EFBC}") = "ITMO.ADO_Course.Exam_Task", "ITMO.ADO_Course.Exam_Task.csproj", "{D89629AA-9F7C-4FDE-BF6A-A06C88601B4F}"
EndProject
Global
	GlobalSection(SolutionConfigurationPlatforms) = preSolution
		Debug|Any CPU = Debug|Any CPU
		Release|Any CPU = Release|Any CPU
	EndGlobalSection
	GlobalSection(ProjectConfigurationPlatforms) = postSolution
		{D89629AA-9F7C-4FDE-BF6A-A06C88601B4F}.Debug|Any CPU.ActiveCfg = Debug|Any CPU
		{D89629AA-9F7C-4FDE-BF6A-A06C88601B4F}.Debug|Any CPU.Build.0 = Debug|Any CPU
		{D89629AA-9F7C-4FDE-BF6A-A06C88601B4F}.Release|Any CPU.ActiveCfg = Release|Any CPU
		{D89629AA-9F7C-4FDE-BF6A-A06C88601B4F}.Release|Any CPU.Build.0 = Release|Any CPU
	EndGlobalSection
	GlobalSection(SolutionProperties) = preSolution
		HideSolutionNode = FALSE
	EndGlobalSection
	GlobalSection(ExtensibilityGlobals) = postSolution
		SolutionGuid = {0FE3BC1D-B58E-4620-AFA2-9CB855054969}
	EndGlobalSection
EndGlobal
